
Microsoft Visual Studio Solution File, Format Version 12.00
# Visual Studio Version 17
VisualStudioVersion = 17.5.33424.131
MinimumVisualStudioVersion = 10.0.40219.1
Project("{FAE04EC0-301F-11D3-BF4B-00C04F79EFBC}") = "DemoWebApplication", "DemoWebApplication\DemoWebApplication.csproj", "{86141D55-E9F2-4470-83A4-795C2C117DED}"
EndProject
Global
	GlobalSection(SolutionConfigurationPlatforms) = preSolution
		Debug|Any CPU = Debug|Any CPU
		Release|Any CPU = Release|Any CPU
	EndGlobalSection
	GlobalSection(ProjectConfigurationPlatforms) = postSolution
		{86141D55-E9F2-4470-83A4-795C2C117DED}.Debug|Any CPU.ActiveCfg = Debug|Any CPU
		{86141D55-E9F2-4470-83A4-795C2C117DED}.Debug|Any CPU.Build.0 = Debug|Any CPU
		{86141D55-E9F2-4470-83A4-795C2C117DED}.Release|Any CPU.ActiveCfg = Release|Any CPU
		{86141D55-E9F2-4470-83A4-795C2C117DED}.Release|Any CPU.Build.0 = Release|Any CPU
	EndGlobalSection
	GlobalSection(SolutionProperties) = preSolution
		HideSolutionNode = FALSE
	EndGlobalSection
	GlobalSection(ExtensibilityGlobals) = postSolution
		SolutionGuid = {27551F14-4097-4254-A7EE-837876089BFE}
	EndGlobalSection
EndGlobal
